
Microsoft Visual Studio Solution File, Format Version 12.00
# Visual Studio Version 16
VisualStudioVersion = 16.0.29905.134
MinimumVisualStudioVersion = 10.0.40219.1
Project("{FAE04EC0-301F-11D3-BF4B-00C04F79EFBC}") = "TP1", "TP1\TP1.csproj", "{F3199BD9-C8EC-4F14-8884-C6DE2380E581}"
EndProject
Global
	GlobalSection(SolutionConfigurationPlatforms) = preSolution
		Debug|Any CPU = Debug|Any CPU
		Release|Any CPU = Release|Any CPU
	EndGlobalSection
	GlobalSection(ProjectConfigurationPlatforms) = postSolution
		{F3199BD9-C8EC-4F14-8884-C6DE2380E581}.Debug|Any CPU.ActiveCfg = Debug|Any CPU
		{F3199BD9-C8EC-4F14-8884-C6DE2380E581}.Debug|Any CPU.Build.0 = Debug|Any CPU
		{F3199BD9-C8EC-4F14-8884-C6DE2380E581}.Release|Any CPU.ActiveCfg = Release|Any CPU
		{F3199BD9-C8EC-4F14-8884-C6DE2380E581}.Release|Any CPU.Build.0 = Release|Any CPU
	EndGlobalSection
	GlobalSection(SolutionProperties) = preSolution
		HideSolutionNode = FALSE
	EndGlobalSection
	GlobalSection(ExtensibilityGlobals) = postSolution
		SolutionGuid = {0F487DCB-F158-4D8E-97F1-E32EABD42F11}
	EndGlobalSection
EndGlobal
